
Microsoft Visual Studio Solution File, Format Version 11.00
# Visual Studio 2010
Project("{FAE04EC0-301F-11D3-BF4B-00C04F79EFBC}") = "News Feed", "RSSReader\News Feed.csproj", "{BD01EE9E-3B12-4DE5-BEEE-3418E9205E0E}"
EndProject
Global
	GlobalSection(TeamFoundationVersionControl) = preSolution
		SccNumberOfProjects = 2
		SccEnterpriseProvider = {4CA58AB2-18FA-4F8D-95D4-32DDF27D184C}
		SccTeamFoundationServer = https://tfs.codeplex.com/tfs/tfs12
		SccLocalPath0 = .
		SccProjectUniqueName1 = RSSReader\\News\u0020Feed.csproj
		SccProjectName1 = RSSReader
		SccLocalPath1 = RSSReader
	EndGlobalSection
	GlobalSection(SolutionConfigurationPlatforms) = preSolution
		Debug|Any CPU = Debug|Any CPU
		Release|Any CPU = Release|Any CPU
	EndGlobalSection
	GlobalSection(ProjectConfigurationPlatforms) = postSolution
		{BD01EE9E-3B12-4DE5-BEEE-3418E9205E0E}.Debug|Any CPU.ActiveCfg = Debug|Any CPU
		{BD01EE9E-3B12-4DE5-BEEE-3418E9205E0E}.Debug|Any CPU.Build.0 = Debug|Any CPU
		{BD01EE9E-3B12-4DE5-BEEE-3418E9205E0E}.Debug|Any CPU.Deploy.0 = Debug|Any CPU
		{BD01EE9E-3B12-4DE5-BEEE-3418E9205E0E}.Release|Any CPU.ActiveCfg = Release|Any CPU
		{BD01EE9E-3B12-4DE5-BEEE-3418E9205E0E}.Release|Any CPU.Build.0 = Release|Any CPU
		{BD01EE9E-3B12-4DE5-BEEE-3418E9205E0E}.Release|Any CPU.Deploy.0 = Release|Any CPU
	EndGlobalSection
	GlobalSection(SolutionProperties) = preSolution
		HideSolutionNode = FALSE
	EndGlobalSection
EndGlobal
